
Microsoft Visual Studio Solution File, Format Version 12.00
# Visual Studio Version 17
VisualStudioVersion = 17.7.34221.43
MinimumVisualStudioVersion = 10.0.40219.1
Project("{FAE04EC0-301F-11D3-BF4B-00C04F79EFBC}") = "TCP CONSOLE", "TCP CONSOLE\TCP CONSOLE.csproj", "{F449F1F0-D9BA-4CBB-8847-30E12D9A33FC}"
EndProject
Global
	GlobalSection(SolutionConfigurationPlatforms) = preSolution
		Debug|Any CPU = Debug|Any CPU
		Release|Any CPU = Release|Any CPU
	EndGlobalSection
	GlobalSection(ProjectConfigurationPlatforms) = postSolution
		{F449F1F0-D9BA-4CBB-8847-30E12D9A33FC}.Debug|Any CPU.ActiveCfg = Debug|Any CPU
		{F449F1F0-D9BA-4CBB-8847-30E12D9A33FC}.Debug|Any CPU.Build.0 = Debug|Any CPU
		{F449F1F0-D9BA-4CBB-8847-30E12D9A33FC}.Release|Any CPU.ActiveCfg = Release|Any CPU
		{F449F1F0-D9BA-4CBB-8847-30E12D9A33FC}.Release|Any CPU.Build.0 = Release|Any CPU
	EndGlobalSection
	GlobalSection(SolutionProperties) = preSolution
		HideSolutionNode = FALSE
	EndGlobalSection
	GlobalSection(ExtensibilityGlobals) = postSolution
		SolutionGuid = {B852BB0F-A199-40B1-9388-CC49CB5ECC9D}
	EndGlobalSection
EndGlobal
